
Microsoft Visual Studio Solution File, Format Version 12.00
# Visual Studio Version 16
VisualStudioVersion = 16.0.31019.35
MinimumVisualStudioVersion = 10.0.40219.1
Project("{FAE04EC0-301F-11D3-BF4B-00C04F79EFBC}") = "DataStructures.Lib", "DataStructures.Lib\DataStructures.Lib.csproj", "{8922E519-EDD2-4EFE-AAB6-8119F12F5A47}"
EndProject
Project("{FAE04EC0-301F-11D3-BF4B-00C04F79EFBC}") = "DataStructures.LibTests", "DataStructures.Tests\DataStructures.LibTests.csproj", "{80D61CB4-4B77-483D-9AF8-6CE6BC26CF45}"
EndProject
Project("{FAE04EC0-301F-11D3-BF4B-00C04F79EFBC}") = "DataStructures.UI", "DataStructures.UI\DataStructures.UI.csproj", "{FA9DF828-666F-4CCE-9E24-E88AC7BD33F9}"
EndProject
Project("{FAE04EC0-301F-11D3-BF4B-00C04F79EFBC}") = "DataStructures.UiTests", "DataStructures.UiTests\DataStructures.UiTests.csproj", "{0FE7E3BC-0BE3-496D-A261-A01E58003C15}"
EndProject
Global
	GlobalSection(SolutionConfigurationPlatforms) = preSolution
		Debug|Any CPU = Debug|Any CPU
		Release|Any CPU = Release|Any CPU
	EndGlobalSection
	GlobalSection(ProjectConfigurationPlatforms) = postSolution
		{8922E519-EDD2-4EFE-AAB6-8119F12F5A47}.Debug|Any CPU.ActiveCfg = Debug|Any CPU
		{8922E519-EDD2-4EFE-AAB6-8119F12F5A47}.Debug|Any CPU.Build.0 = Debug|Any CPU
		{8922E519-EDD2-4EFE-AAB6-8119F12F5A47}.Release|Any CPU.ActiveCfg = Release|Any CPU
		{8922E519-EDD2-4EFE-AAB6-8119F12F5A47}.Release|Any CPU.Build.0 = Release|Any CPU
		{80D61CB4-4B77-483D-9AF8-6CE6BC26CF45}.Debug|Any CPU.ActiveCfg = Debug|Any CPU
		{80D61CB4-4B77-483D-9AF8-6CE6BC26CF45}.Debug|Any CPU.Build.0 = Debug|Any CPU
		{80D61CB4-4B77-483D-9AF8-6CE6BC26CF45}.Release|Any CPU.ActiveCfg = Release|Any CPU
		{80D61CB4-4B77-483D-9AF8-6CE6BC26CF45}.Release|Any CPU.Build.0 = Release|Any CPU
		{FA9DF828-666F-4CCE-9E24-E88AC7BD33F9}.Debug|Any CPU.ActiveCfg = Debug|Any CPU
		{FA9DF828-666F-4CCE-9E24-E88AC7BD33F9}.Debug|Any CPU.Build.0 = Debug|Any CPU
		{FA9DF828-666F-4CCE-9E24-E88AC7BD33F9}.Release|Any CPU.ActiveCfg = Release|Any CPU
		{FA9DF828-666F-4CCE-9E24-E88AC7BD33F9}.Release|Any CPU.Build.0 = Release|Any CPU
		{0FE7E3BC-0BE3-496D-A261-A01E58003C15}.Debug|Any CPU.ActiveCfg = Debug|Any CPU
		{0FE7E3BC-0BE3-496D-A261-A01E58003C15}.Debug|Any CPU.Build.0 = Debug|Any CPU
		{0FE7E3BC-0BE3-496D-A261-A01E58003C15}.Release|Any CPU.ActiveCfg = Release|Any CPU
		{0FE7E3BC-0BE3-496D-A261-A01E58003C15}.Release|Any CPU.Build.0 = Release|Any CPU
	EndGlobalSection
	GlobalSection(SolutionProperties) = preSolution
		HideSolutionNode = FALSE
	EndGlobalSection
	GlobalSection(ExtensibilityGlobals) = postSolution
		SolutionGuid = {84C6C33B-4E32-4132-AD7D-25975A7BB0B6}
	EndGlobalSection
EndGlobal
